{
  "name": "Test",
  "requires": true,
  "lockfileVersion": 1,
  "dependencies": {
    "bayrell-bundler-nodejs": {
      "version": "0.7.1",
      "resolved": "https://registry.npmjs.org/bayrell-bundler-nodejs/-/bayrell-bundler-nodejs-0.7.1.tgz",
      "integrity": "sha512-8lw/PdLM0Hmx37P76dmW2mbup8WOZ97btEhuQMyz8Mt52cL2VsZzcBfToEJWPbobBdnvy5FUDTng4es8PHpFzw=="
    },
    "bayrell-common-nodejs": {
      "version": "0.7.1",
      "resolved": "https://registry.npmjs.org/bayrell-common-nodejs/-/bayrell-common-nodejs-0.7.1.tgz",
      "integrity": "sha512-9lu0SS/KppSdWggfcho3/lFBlLbO0BF3pjkcqWMOMm9z3cs6P67qcSDV9QTXUT+yaa3vH8nmVB0NL/8debwdgw=="
    },
    "bayrell-file-system-nodejs": {
      "version": "0.7.2-1",
      "resolved": "https://registry.npmjs.org/bayrell-file-system-nodejs/-/bayrell-file-system-nodejs-0.7.2-1.tgz",
      "integrity": "sha512-0rc3ckMlBJsIe67Rw290lnKNDP0PZW1iX5OUJljh3IhhSoXUK1xX8vBYi6t6uFQVULGSM57kDHjtto5t5M8zFQ=="
    },
    "bayrell-lang-nodejs": {
      "version": "0.7.2-1",
      "resolved": "https://registry.npmjs.org/bayrell-lang-nodejs/-/bayrell-lang-nodejs-0.7.2-1.tgz",
      "integrity": "sha512-Bdt3B3a79S1/noYyLXYSuLxSj36CL/W+aL5+Zn7lnXGZ8LRgL6pRKZrqP5YDEsqhYd2i/Gf1fJJpefeKxPc+IQ=="
    },
    "bayrell-parser-nodejs": {
      "version": "0.7.2-1",
      "resolved": "https://registry.npmjs.org/bayrell-parser-nodejs/-/bayrell-parser-nodejs-0.7.2-1.tgz",
      "integrity": "sha512-6uoShD151ZGLA+rjX2tt3b6AbPkdfjRSshNC6J6servi4yHGi7sK5+aiMO5Txgctr1dFJH0nl2Mo3rIQ9Un1CQ=="
    },
    "bayrell-runtime-nodejs": {
      "version": "0.7.2-1",
      "resolved": "https://registry.npmjs.org/bayrell-runtime-nodejs/-/bayrell-runtime-nodejs-0.7.2-1.tgz",
      "integrity": "sha512-GFYenDdYEpDeBRvdhkI0VvBrMsR7qHXlb9beb6nhxtNq6c2vVplV9LHWGfNEK1VuIhUX2hTNIEunQQ12rdPfOg=="
    }
  }
}
